
Microsoft Visual Studio Solution File, Format Version 12.00
# Visual Studio Version 17
VisualStudioVersion = 17.10.35027.167
MinimumVisualStudioVersion = 10.0.40219.1
Project("{FAE04EC0-301F-11D3-BF4B-00C04F79EFBC}") = "DiziElemanSayisiArttirma", "DiziElemanSayisiArttirma\DiziElemanSayisiArttirma.csproj", "{04664A6B-1939-43A4-AC77-31B074CB1DF7}"
EndProject
Global
	GlobalSection(SolutionConfigurationPlatforms) = preSolution
		Debug|Any CPU = Debug|Any CPU
		Release|Any CPU = Release|Any CPU
	EndGlobalSection
	GlobalSection(ProjectConfigurationPlatforms) = postSolution
		{04664A6B-1939-43A4-AC77-31B074CB1DF7}.Debug|Any CPU.ActiveCfg = Debug|Any CPU
		{04664A6B-1939-43A4-AC77-31B074CB1DF7}.Debug|Any CPU.Build.0 = Debug|Any CPU
		{04664A6B-1939-43A4-AC77-31B074CB1DF7}.Release|Any CPU.ActiveCfg = Release|Any CPU
		{04664A6B-1939-43A4-AC77-31B074CB1DF7}.Release|Any CPU.Build.0 = Release|Any CPU
	EndGlobalSection
	GlobalSection(SolutionProperties) = preSolution
		HideSolutionNode = FALSE
	EndGlobalSection
	GlobalSection(ExtensibilityGlobals) = postSolution
		SolutionGuid = {1ECB80E6-5CE1-4BF6-ABDA-DA9CBC026971}
	EndGlobalSection
EndGlobal
